
Microsoft Visual Studio Solution File, Format Version 12.00
# Visual Studio Version 17
VisualStudioVersion = 17.7.34202.233
MinimumVisualStudioVersion = 10.0.40219.1
Project("{FAE04EC0-301F-11D3-BF4B-00C04F79EFBC}") = "Battleships", "Battleships\Battleships.csproj", "{8416CC01-5B5A-4ABE-BD8E-83BB17DEA222}"
EndProject
Global
	GlobalSection(SolutionConfigurationPlatforms) = preSolution
		Debug|Any CPU = Debug|Any CPU
		Release|Any CPU = Release|Any CPU
	EndGlobalSection
	GlobalSection(ProjectConfigurationPlatforms) = postSolution
		{8416CC01-5B5A-4ABE-BD8E-83BB17DEA222}.Debug|Any CPU.ActiveCfg = Debug|Any CPU
		{8416CC01-5B5A-4ABE-BD8E-83BB17DEA222}.Debug|Any CPU.Build.0 = Debug|Any CPU
		{8416CC01-5B5A-4ABE-BD8E-83BB17DEA222}.Release|Any CPU.ActiveCfg = Release|Any CPU
		{8416CC01-5B5A-4ABE-BD8E-83BB17DEA222}.Release|Any CPU.Build.0 = Release|Any CPU
	EndGlobalSection
	GlobalSection(SolutionProperties) = preSolution
		HideSolutionNode = FALSE
	EndGlobalSection
	GlobalSection(ExtensibilityGlobals) = postSolution
		SolutionGuid = {FEAFE7E9-AFFD-4B8B-882B-727DCDE6A75E}
	EndGlobalSection
EndGlobal
